# THIS IS AN AUTOGENERATED FILE. DO NOT EDIT THIS FILE DIRECTLY.
# yarn lockfile v1


react-icons@^4.4.0:
  version "4.4.0"
  resolved "https://registry.yarnpkg.com/react-icons/-/react-icons-4.4.0.tgz#a13a8a20c254854e1ec9aecef28a95cdf24ef703"
  integrity sha512-fSbvHeVYo/B5/L4VhB7sBA1i2tS8MkT0Hb9t2H1AVPkwGfVHLJCqyr2Py9dKMxsyM63Eng1GkdZfbWj+Fmv8Rg==
