# THIS IS AN AUTOGENERATED FILE. DO NOT EDIT THIS FILE DIRECTLY.
# yarn lockfile v1


"@emnapi/runtime@^1.11.0":
  version "1.11.3"
  resolved "https://registry.yarnpkg.com/@emnapi/runtime/-/runtime-1.11.3.tgz#84257ae3b0531eb2aec1ffa23d70700da007ba95"
  integrity sha512-Xz4Tpyki7XyrpbUK1jR1AhdAdaXyhhY4lZ3neLodmhpuWfy2PAQN5B46sAiU4liOXGLkHypn/qU+jvfWSCYYLA==
  dependencies:
    tslib "^2.4.0"

"@img/colour@^1.1.0":
  version "1.1.0"
  resolved "https://registry.yarnpkg.com/@img/colour/-/colour-1.1.0.tgz#b0c2c2fa661adf75effd6b4964497cd80010bb9d"
  integrity sha512-Td76q7j57o/tLVdgS746cYARfSyxk8iEfRxewL9h4OMzYhbW4TAcppl0mT4eyqXddh6L/jwoM75mo7ixa/pCeQ==

"@img/sharp-darwin-arm64@0.35.0":
  version "0.35.0"
  resolved "https://registry.yarnpkg.com/@img/sharp-darwin-arm64/-/sharp-darwin-arm64-0.35.0.tgz#2cca22066dc65366bb61189a637e031d7f68732a"
  integrity sha512-ZgaYEwaj+lx/5n4W8GmZ2IYz0PQHjN5eqRcfijWGB+2Aq7ZInZGa0qJyAn6DEtyLuWHRSrmWOqT9q3qqTBvmUQ==
  optionalDependencies:
    "@img/sharp-libvips-darwin-arm64" "1.3.0"

"@img/sharp-darwin-x64@0.35.0":
  version "0.35.0"
  resolved "https://registry.yarnpkg.com/@img/sharp-darwin-x64/-/sharp-darwin-x64-0.35.0.tgz#e07e467eb72b12c207927f1e711cd07626926b15"
  integrity sha512-c1z9LFpKB0slQW3RchwBE8iSVzGp70TNjUUO9k4BZwwW4HH7JBGHeIy4b+kk4n/kcBASb9evKCE3/7Slmslgiw==
  optionalDependencies:
    "@img/sharp-libvips-darwin-x64" "1.3.0"

"@img/sharp-freebsd-wasm32@0.35.0":
  version "0.35.0"
  resolved "https://registry.yarnpkg.com/@img/sharp-freebsd-wasm32/-/sharp-freebsd-wasm32-0.35.0.tgz#4abf58ef3d89e649e5ea70ecc6c3e89e2b885151"
  integrity sha512-Li2KTev0H90kEtnJHkI9xQojXt1AqWmFBMXiPw5kqd1jQgP7gi5HVK/qC5Rmh/59NuAwUuPzzPITmX22NomYYQ==
  dependencies:
    "@img/sharp-wasm32" "0.35.0"

"@img/sharp-libvips-darwin-arm64@1.3.0":
  version "1.3.0"
  resolved "https://registry.yarnpkg.com/@img/sharp-libvips-darwin-arm64/-/sharp-libvips-darwin-arm64-1.3.0.tgz#3a51ca9cf531e7c1767bec6317bc08631ac9963c"
  integrity sha512-EKbmBKtyTH+GPFDRw2TgK2oV6hyxxlJVIar4hoTYSNmIwipgMFdxPQqR392GmfdsPGWga0mCFN1cCKjRb9cljw==

"@img/sharp-libvips-darwin-x64@1.3.0":
  version "1.3.0"
  resolved "https://registry.yarnpkg.com/@img/sharp-libvips-darwin-x64/-/sharp-libvips-darwin-x64-1.3.0.tgz#c1f32d950bc826ac50ce24b0658994e648ae51fd"
  integrity sha512-Pl2OmOvrJ42adUllESxBsG54PfXLo1OYg9i3c5/5Ln/qJ0gZuTM9YMhQJPIbXqwidLRc/c2zuHt4RsrymmNv7A==

"@img/sharp-libvips-linux-arm64@1.3.0":
  version "1.3.0"
  resolved "https://registry.yarnpkg.com/@img/sharp-libvips-linux-arm64/-/sharp-libvips-linux-arm64-1.3.0.tgz#77a9fa96ecc1d97f248448bffda15ef7771caf0a"
  integrity sha512-C0SqjoFKnszqa44EQ7xoaT48nnO0lOyXEULfXMWi8krrjOPGYkeK30Okzla6ATbBYsyZ0ySinK0FVkpv3DwzfQ==

"@img/sharp-libvips-linux-arm@1.3.0":
  version "1.3.0"
  resolved "https://registry.yarnpkg.com/@img/sharp-libvips-linux-arm/-/sharp-libvips-linux-arm-1.3.0.tgz#80f999cf92a92242afd07906337b3e03982cb19b"
  integrity sha512-A8UpHoUDW4DwnXoV6+q3C1s7QLRAHtPDEjWuNZjwHMyoCNZnm0GeNN8ls9f/bsEYTRQRW96C/n34XJQHJ2fT7A==

"@img/sharp-libvips-linux-ppc64@1.3.0":
  version "1.3.0"
  resolved "https://registry.yarnpkg.com/@img/sharp-libvips-linux-ppc64/-/sharp-libvips-linux-ppc64-1.3.0.tgz#64bc1446545757c71c7826a0f5fb446f3a3ee4d8"
  integrity sha512-WOpkVxAjFd369iaIzEgNRreFD+gWdUMIGD5zplhNKNeqS6mm5dac3q2AFyCBmzYoAdouzZvRBgxy4z8QHZb4/A==

"@img/sharp-libvips-linux-riscv64@1.3.0":
  version "1.3.0"
  resolved "https://registry.yarnpkg.com/@img/sharp-libvips-linux-riscv64/-/sharp-libvips-linux-riscv64-1.3.0.tgz#7ccd6f83c33aafba2fff4ef07a0f4c1de606e14f"
  integrity sha512-DRWw0mOHusrCCuw2rqP87oLg6PGlkomVDFqw2hIwsSfwWpu4k3XLcBPaKKl6ct/GtL/cwNkgwjV/tc0Mqht3VA==

"@img/sharp-libvips-linux-s390x@1.3.0":
  version "1.3.0"
  resolved "https://registry.yarnpkg.com/@img/sharp-libvips-linux-s390x/-/sharp-libvips-linux-s390x-1.3.0.tgz#260ed36d96d1c889590df57373334e06f714c778"
  integrity sha512-9APy+nFWhHS+kzLgWZfLcyrUd7YqnAQVa4BPOo4xkoHpdoktOAPG4cEr9+Jpl0TtqfVmcMJimNL5qNTyyOHZNA==

"@img/sharp-libvips-linux-x64@1.3.0":
  version "1.3.0"
  resolved "https://registry.yarnpkg.com/@img/sharp-libvips-linux-x64/-/sharp-libvips-linux-x64-1.3.0.tgz#f7c3635ea49bc9a1d2115b1c61e927088fcb6363"
  integrity sha512-y9RNUYDe2A1UAdhLyfeOodGRszQdaEoe4nfOpp/sNVPl2CWIcUyFaDoCh4vPLPxu19803j2naLqZup2WxDXCLA==

"@img/sharp-libvips-linuxmusl-arm64@1.3.0":
  version "1.3.0"
  resolved "https://registry.yarnpkg.com/@img/sharp-libvips-linuxmusl-arm64/-/sharp-libvips-linuxmusl-arm64-1.3.0.tgz#168ad13aa5c9db294ec4c6cf16632a93951acba7"
  integrity sha512-cC1wkC0Mlucd0KSiGrLkJnB/ZqPvZCntc/Lk7ZnYO5ZSbF2euNek4Xvxafojq+wN1q/W0eprdpUIjUr/EV2PBg==

"@img/sharp-libvips-linuxmusl-x64@1.3.0":
  version "1.3.0"
  resolved "https://registry.yarnpkg.com/@img/sharp-libvips-linuxmusl-x64/-/sharp-libvips-linuxmusl-x64-1.3.0.tgz#4ae6551afd0777b67e6140366661584b45be4922"
  integrity sha512-LiYMhUZicB1QG//+RvmYZpXJO8fYRENfp+MZUCnG9aw+AKvGAy9gPaCnuwsPcBFs8EV66M0NNxj9VHcNklE8zw==

"@img/sharp-linux-arm64@0.35.0":
  version "0.35.0"
  resolved "https://registry.yarnpkg.com/@img/sharp-linux-arm64/-/sharp-linux-arm64-0.35.0.tgz#910e3546637547be125fe502584a33da369216f0"
  integrity sha512-4+4XHLNT5wDT0roYlHTEmH9lDKt0acf9Tv+3hM3iceOirkxrR404/3WjAYZ9F9CkHrxeRcGLJXbi4vluMZ9O+A==
  optionalDependencies:
    "@img/sharp-libvips-linux-arm64" "1.3.0"

"@img/sharp-linux-arm@0.35.0":
  version "0.35.0"
  resolved "https://registry.yarnpkg.com/@img/sharp-linux-arm/-/sharp-linux-arm-0.35.0.tgz#d428f7290ed5348f8867627c57620d6950ef6b65"
  integrity sha512-VVlpEWwizEFIOom0zdoeKuO5nuTswzVE5uHcBNvHzmeHUpNFajY3HFfbQ+zIH4E2kVaZ/yVxmsShW56TtEy4uA==
  optionalDependencies:
    "@img/sharp-libvips-linux-arm" "1.3.0"

"@img/sharp-linux-ppc64@0.35.0":
  version "0.35.0"
  resolved "https://registry.yarnpkg.com/@img/sharp-linux-ppc64/-/sharp-linux-ppc64-0.35.0.tgz#2e34fcff5b97c9d01fc4c7cacf6c0cfc508cb60e"
  integrity sha512-N3hzbEpUTJC8pWpPVJvgzGxM+so/MAXc8O2s/53B0LL9ZGpfXpME7Wizkc5d/8fRBlBtkDjzoZGDCqqNDHqLEw==
  optionalDependencies:
    "@img/sharp-libvips-linux-ppc64" "1.3.0"

"@img/sharp-linux-riscv64@0.35.0":
  version "0.35.0"
  resolved "https://registry.yarnpkg.com/@img/sharp-linux-riscv64/-/sharp-linux-riscv64-0.35.0.tgz#cedc3dd9051fa314a312b91b36221451d2a33bd8"
  integrity sha512-l6vmKVPnbS0RhVMbyxP5meAARsbhCnBN4fy31qz0+3a6Rv4jEqfzDrT89y6ZPkCi0AJGnwp2En528yXo401Hpw==
  optionalDependencies:
    "@img/sharp-libvips-linux-riscv64" "1.3.0"

"@img/sharp-linux-s390x@0.35.0":
  version "0.35.0"
  resolved "https://registry.yarnpkg.com/@img/sharp-linux-s390x/-/sharp-linux-s390x-0.35.0.tgz#f78b151de2597247b0129dcfedf30fe22f4fa6de"
  integrity sha512-MYlMiPFiv/EKPAHnp3yNZ9AAWFsxga9c5Bkc6wkar6bqzHLlkGVJHRm0u1ei+VXnZxp3Mz9MG9ZIsI8vSOf3sQ==
  optionalDependencies:
    "@img/sharp-libvips-linux-s390x" "1.3.0"

"@img/sharp-linux-x64@0.35.0":
  version "0.35.0"
  resolved "https://registry.yarnpkg.com/@img/sharp-linux-x64/-/sharp-linux-x64-0.35.0.tgz#17961568b8700dc512b0c059a4e439bc76132f0f"
  integrity sha512-TYaItB5oj1ioXjhyn2xrR208vf+YuIIcHptQWRRaBmFhvIvL9D72DXN8w75xup0KXA8UdEAhQ9Qb2S49FD/9Cw==
  optionalDependencies:
    "@img/sharp-libvips-linux-x64" "1.3.0"

"@img/sharp-linuxmusl-arm64@0.35.0":
  version "0.35.0"
  resolved "https://registry.yarnpkg.com/@img/sharp-linuxmusl-arm64/-/sharp-linuxmusl-arm64-0.35.0.tgz#7b44b0eb5b3f23f2923ad887756793d368216358"
  integrity sha512-DSTb6ijQzqe6DdAaOBVqJ/SYf1vO8EW5bK6X6LRXufEBebf2722VCdvBUtZ3rtV0x2ApfPNDy/p7LrrjaWjiyQ==
  optionalDependencies:
    "@img/sharp-libvips-linuxmusl-arm64" "1.3.0"

"@img/sharp-linuxmusl-x64@0.35.0":
  version "0.35.0"
  resolved "https://registry.yarnpkg.com/@img/sharp-linuxmusl-x64/-/sharp-linuxmusl-x64-0.35.0.tgz#a76f6f7f9f1df483aa7552e71998202b4c8f82d2"
  integrity sha512-K7ykQ+26Rt6+4BTU80AuGgTPIYX86UxiAKT4rcXX/WNTo7k1ZxpKz+TguHnwVpCqQK3B5PK0vZ0ZBe6nz/ib1w==
  optionalDependencies:
    "@img/sharp-libvips-linuxmusl-x64" "1.3.0"

"@img/sharp-wasm32@0.35.0":
  version "0.35.0"
  resolved "https://registry.yarnpkg.com/@img/sharp-wasm32/-/sharp-wasm32-0.35.0.tgz#65fe355c0fb49066692290ecdc0da9064096e3e2"
  integrity sha512-9woLIFORERCr+6cWu87dQ22J34EExkhc73U1kZW0c+RclQqWetoodByp4dWZ/hN8/KVmTRAx2HOnUwib8AwZdA==
  dependencies:
    "@emnapi/runtime" "^1.11.0"

"@img/sharp-webcontainers-wasm32@0.35.0":
  version "0.35.0"
  resolved "https://registry.yarnpkg.com/@img/sharp-webcontainers-wasm32/-/sharp-webcontainers-wasm32-0.35.0.tgz#14dc68ce69966d0ab5d112057748c018660c8a85"
  integrity sha512-t+kie1TOyaDM6Dho+f+y0VqIUNhYQaKCUahuZVi0E0frgdiaOaPsDxDW3wfKacUdaNBCnK/ZDBMg33ydvHj8uA==
  dependencies:
    "@img/sharp-wasm32" "0.35.0"

"@img/sharp-win32-arm64@0.35.0":
  version "0.35.0"
  resolved "https://registry.yarnpkg.com/@img/sharp-win32-arm64/-/sharp-win32-arm64-0.35.0.tgz#5ab4e00a2539b770428c6ae173b43de8b3c273ec"
  integrity sha512-M5eKxug0dabbaWgFKvPa3odNs2OpaP+81NASfGKkt4GcYXpNhSu7CaeYxWkLNV6vHmUp4hnCxnxrUyhUJhXbKA==

"@img/sharp-win32-ia32@0.35.0":
  version "0.35.0"
  resolved "https://registry.yarnpkg.com/@img/sharp-win32-ia32/-/sharp-win32-ia32-0.35.0.tgz#d79096bc5b9522c59a6f8f3c423578ade7d433e7"
  integrity sha512-z0+pZ03QCDvdVN0Ez9IX/yjWC19ikMlXrmdYMwYNLTh2BLPx3hXWPvyqWfquZ0BTO9O6GVOjIVoTcyyacMnWlQ==

"@img/sharp-win32-x64@0.35.0":
  version "0.35.0"
  resolved "https://registry.yarnpkg.com/@img/sharp-win32-x64/-/sharp-win32-x64-0.35.0.tgz#f47063a46e7501a3447201bfc0adc097bb283f14"
  integrity sha512-feNnlz5ZHKr0MY1LPHvZQyJeBkbo4ctsn0D8FvA53VTw5TC63rfEL2UrWbkSBR19htSE7Mw78xYVwdJqoMWVHw==

detect-libc@^2.1.2:
  version "2.1.2"
  resolved "https://registry.yarnpkg.com/detect-libc/-/detect-libc-2.1.2.tgz#689c5dcdc1900ef5583a4cb9f6d7b473742074ad"
  integrity sha512-Btj2BOOO83o3WyH59e8MgXsxEQVcarkUOpEYrubB0urwnN10yQ364rsiByU11nZlqWYZm05i/of7io4mzihBtQ==

semver@^7.8.4:
  version "7.8.5"
  resolved "https://registry.yarnpkg.com/semver/-/semver-7.8.5.tgz#39b646037dd50c14fb451e7e4cac58ed8b863f69"
  integrity sha512-Y7/KDsb8LjooZpwaqGyulO6DQlksgCncchHGk+sZIY4SBvUocMBEFH5Ur1fI4dV+Jvl0w6cjvucaIi40puRioA==

sharp@^0.35.0:
  version "0.35.0"
  resolved "https://registry.yarnpkg.com/sharp/-/sharp-0.35.0.tgz#3c7b2de82bcf56b7e5a651c101947c3c6c9dd0cd"
  integrity sha512-BqvG5XbwPZ4NV0DK90d86leEECMsoa8bO0nqnKWlBDYxri4GJ7c4EDInaF6q20lTh/mATmnDIKWJFfXnoVfH5g==
  dependencies:
    "@img/colour" "^1.1.0"
    detect-libc "^2.1.2"
    semver "^7.8.4"
  optionalDependencies:
    "@img/sharp-darwin-arm64" "0.35.0"
    "@img/sharp-darwin-x64" "0.35.0"
    "@img/sharp-freebsd-wasm32" "0.35.0"
    "@img/sharp-libvips-darwin-arm64" "1.3.0"
    "@img/sharp-libvips-darwin-x64" "1.3.0"
    "@img/sharp-libvips-linux-arm" "1.3.0"
    "@img/sharp-libvips-linux-arm64" "1.3.0"
    "@img/sharp-libvips-linux-ppc64" "1.3.0"
    "@img/sharp-libvips-linux-riscv64" "1.3.0"
    "@img/sharp-libvips-linux-s390x" "1.3.0"
    "@img/sharp-libvips-linux-x64" "1.3.0"
    "@img/sharp-libvips-linuxmusl-arm64" "1.3.0"
    "@img/sharp-libvips-linuxmusl-x64" "1.3.0"
    "@img/sharp-linux-arm" "0.35.0"
    "@img/sharp-linux-arm64" "0.35.0"
    "@img/sharp-linux-ppc64" "0.35.0"
    "@img/sharp-linux-riscv64" "0.35.0"
    "@img/sharp-linux-s390x" "0.35.0"
    "@img/sharp-linux-x64" "0.35.0"
    "@img/sharp-linuxmusl-arm64" "0.35.0"
    "@img/sharp-linuxmusl-x64" "0.35.0"
    "@img/sharp-webcontainers-wasm32" "0.35.0"
    "@img/sharp-win32-arm64" "0.35.0"
    "@img/sharp-win32-ia32" "0.35.0"
    "@img/sharp-win32-x64" "0.35.0"

tslib@^2.4.0:
  version "2.8.1"
  resolved "https://registry.yarnpkg.com/tslib/-/tslib-2.8.1.tgz#612efe4ed235d567e8aba5f2a5fab70280ade83f"
  integrity sha512-oJFu94HQb+KVduSUQL7wnpmqnfmLsOA/nAh6b6EH0wCEoK0/mPeXU6c3wKDV83MkOuHPRHtSXKKU99IBazS/2w==
